
Microsoft Visual Studio Solution File, Format Version 12.00
# Visual Studio Version 17
VisualStudioVersion = 17.0.31903.59
MinimumVisualStudioVersion = 10.0.40219.1
Project("{FAE04EC0-301F-11D3-BF4B-00C04F79EFBC}") = "PrimeService.Tests", "PrimeService.Tests\PrimeService.Tests.csproj", "{DFE20CE2-6BFB-416A-80F7-8C923974151B}"
EndProject
Project("{FAE04EC0-301F-11D3-BF4B-00C04F79EFBC}") = "PrimeService", "PrimeService\PrimeService.csproj", "{79084F44-5F47-4196-8E55-6D53A9FE2D8F}"
EndProject
Global
	GlobalSection(SolutionConfigurationPlatforms) = preSolution
		Debug|Any CPU = Debug|Any CPU
		Release|Any CPU = Release|Any CPU
	EndGlobalSection
	GlobalSection(SolutionProperties) = preSolution
		HideSolutionNode = FALSE
	EndGlobalSection
	GlobalSection(ProjectConfigurationPlatforms) = postSolution
		{DFE20CE2-6BFB-416A-80F7-8C923974151B}.Debug|Any CPU.ActiveCfg = Debug|Any CPU
		{DFE20CE2-6BFB-416A-80F7-8C923974151B}.Debug|Any CPU.Build.0 = Debug|Any CPU
		{DFE20CE2-6BFB-416A-80F7-8C923974151B}.Release|Any CPU.ActiveCfg = Release|Any CPU
		{DFE20CE2-6BFB-416A-80F7-8C923974151B}.Release|Any CPU.Build.0 = Release|Any CPU
		{79084F44-5F47-4196-8E55-6D53A9FE2D8F}.Debug|Any CPU.ActiveCfg = Debug|Any CPU
		{79084F44-5F47-4196-8E55-6D53A9FE2D8F}.Debug|Any CPU.Build.0 = Debug|Any CPU
		{79084F44-5F47-4196-8E55-6D53A9FE2D8F}.Release|Any CPU.ActiveCfg = Release|Any CPU
		{79084F44-5F47-4196-8E55-6D53A9FE2D8F}.Release|Any CPU.Build.0 = Release|Any CPU
	EndGlobalSection
EndGlobal
